
Microsoft Visual Studio Solution File, Format Version 12.00
# Visual Studio 15
VisualStudioVersion = 15.0.27428.2043
MinimumVisualStudioVersion = 10.0.40219.1
Project("{FAE04EC0-301F-11D3-BF4B-00C04F79EFBC}") = "MVVMBase", "MVVMBase\MVVMBase.csproj", "{9910E5D6-02D2-48FA-947D-AE9C64F35012}"
EndProject
Project("{FAE04EC0-301F-11D3-BF4B-00C04F79EFBC}") = "SelectDirectory", "SelectDirectory\SelectDirectory\SelectDirectory.csproj", "{3C134FB1-A116-4304-9C8A-830ADD2FFBD2}"
EndProject
Global
	GlobalSection(SolutionConfigurationPlatforms) = preSolution
		Debug|Any CPU = Debug|Any CPU
		Release|Any CPU = Release|Any CPU
	EndGlobalSection
	GlobalSection(ProjectConfigurationPlatforms) = postSolution
		{9910E5D6-02D2-48FA-947D-AE9C64F35012}.Debug|Any CPU.ActiveCfg = Debug|Any CPU
		{9910E5D6-02D2-48FA-947D-AE9C64F35012}.Debug|Any CPU.Build.0 = Debug|Any CPU
		{9910E5D6-02D2-48FA-947D-AE9C64F35012}.Release|Any CPU.ActiveCfg = Release|Any CPU
		{9910E5D6-02D2-48FA-947D-AE9C64F35012}.Release|Any CPU.Build.0 = Release|Any CPU
		{3C134FB1-A116-4304-9C8A-830ADD2FFBD2}.Debug|Any CPU.ActiveCfg = Debug|Any CPU
		{3C134FB1-A116-4304-9C8A-830ADD2FFBD2}.Debug|Any CPU.Build.0 = Debug|Any CPU
		{3C134FB1-A116-4304-9C8A-830ADD2FFBD2}.Release|Any CPU.ActiveCfg = Release|Any CPU
		{3C134FB1-A116-4304-9C8A-830ADD2FFBD2}.Release|Any CPU.Build.0 = Release|Any CPU
	EndGlobalSection
	GlobalSection(SolutionProperties) = preSolution
		HideSolutionNode = FALSE
	EndGlobalSection
	GlobalSection(ExtensibilityGlobals) = postSolution
		SolutionGuid = {E92D8369-2934-4558-82AA-5D36C9962EFD}
	EndGlobalSection
EndGlobal
